
Microsoft Visual Studio Solution File, Format Version 12.00
# Visual Studio 15
VisualStudioVersion = 15.0.27004.2009
MinimumVisualStudioVersion = 10.0.40219.1
Project("{FAE04EC0-301F-11D3-BF4B-00C04F79EFBC}") = "GameServer", "GameServer\GameServer.csproj", "{684D1804-BE9D-46C6-8C32-AA7DCC5B4988}"
EndProject
Global
	GlobalSection(SolutionConfigurationPlatforms) = preSolution
		Debug|Any CPU = Debug|Any CPU
		Release|Any CPU = Release|Any CPU
	EndGlobalSection
	GlobalSection(ProjectConfigurationPlatforms) = postSolution
		{684D1804-BE9D-46C6-8C32-AA7DCC5B4988}.Debug|Any CPU.ActiveCfg = Debug|Any CPU
		{684D1804-BE9D-46C6-8C32-AA7DCC5B4988}.Debug|Any CPU.Build.0 = Debug|Any CPU
		{684D1804-BE9D-46C6-8C32-AA7DCC5B4988}.Release|Any CPU.ActiveCfg = Release|Any CPU
		{684D1804-BE9D-46C6-8C32-AA7DCC5B4988}.Release|Any CPU.Build.0 = Release|Any CPU
	EndGlobalSection
	GlobalSection(SolutionProperties) = preSolution
		HideSolutionNode = FALSE
	EndGlobalSection
	GlobalSection(ExtensibilityGlobals) = postSolution
		SolutionGuid = {04E7B93D-D549-4247-ACCE-98964E6F8E03}
	EndGlobalSection
EndGlobal
